// !$*UTF8*$!
{
	archiveVersion = 1;
	classes = {
	};
	objectVersion = 46;
	objects = {

/* Begin PBXBuildFile section */
		AA2B280A1DB51AB300A33A15 /* AppDelegate.swift in Sources */ = {isa = PBXBuildFile; fileRef = AA2B28091DB51AB300A33A15 /* AppDelegate.swift */; };
		AA2B280C1DB51AB300A33A15 /* ViewController.swift in Sources */ = {isa = PBXBuildFile; fileRef = AA2B280B1DB51AB300A33A15 /* ViewController.swift */; };
		AA2B280F1DB51AB300A33A15 /* Main.storyboard in Resources */ = {isa = PBXBuildFile; fileRef = AA2B280D1DB51AB300A33A15 /* Main.storyboard */; };
		AA2B28121DB51AB300A33A15 /* forHackNTUClass.xcdatamodeld in Sources */ = {isa = PBXBuildFile; fileRef = AA2B28101DB51AB300A33A15 /* forHackNTUClass.xcdatamodeld */; };
		AA2B28141DB51AB300A33A15 /* Assets.xcassets in Resources */ = {isa = PBXBuildFile; fileRef = AA2B28131DB51AB300A33A15 /* Assets.xcassets */; };
		AA2B28171DB51AB300A33A15 /* LaunchScreen.storyboard in Resources */ = {isa = PBXBuildFile; fileRef = AA2B28151DB51AB300A33A15 /* LaunchScreen.storyboard */; };
/* End PBXBuildFile section */

/* Begin PBXFileReference section */
		AA2B28061DB51AB300A33A15 /* forHackNTUClass.app */ = {isa = PBXFileReference; explicitFileType = wrapper.application; includeInIndex = 0; path = forHackNTUClass.app; sourceTree = BUILT_PRODUCTS_DIR; };
		AA2B28091DB51AB300A33A15 /* AppDelegate.swift */ = {isa = PBXFileReference; lastKnownFileType = sourcecode.swift; path = AppDelegate.swift; sourceTree = "<group>"; };
		AA2B280B1DB51AB300A33A15 /* ViewController.swift */ = {isa = PBXFileReference; lastKnownFileType = sourcecode.swift; path = ViewController.swift; sourceTree = "<group>"; };
		AA2B280E1DB51AB300A33A15 /* Base */ = {isa = PBXFileReference; lastKnownFileType = file.storyboard; name = Base; path = Base.lproj/Main.storyboard; sourceTree = "<group>"; };
		AA2B28111DB51AB300A33A15 /* forHackNTUClass.xcdatamodel */ = {isa = PBXFileReference; lastKnownFileType = wrapper.xcdatamodel; path = forHackNTUClass.xcdatamodel; sourceTree = "<group>"; };
		AA2B28131DB51AB300A33A15 /* Assets.xcassets */ = {isa = PBXFileReference; lastKnownFileType = folder.assetcatalog; path = Assets.xcassets; sourceTree = "<group>"; };
		AA2B28161DB51AB300A33A15 /* Base */ = {isa = PBXFileReference; lastKnownFileType = file.storyboard; name = Base; path = Base.lproj/LaunchScreen.storyboard; sourceTree = "<group>"; };
		AA2B28181DB51AB300A33A15 /* Info.plist */ = {isa = PBXFileReference; lastKnownFileType = text.plist.xml; path = Info.plist; sourceTree = "<group>"; };
/* End PBXFileReference section */

/* Begin PBXFrameworksBuildPhase section */
		AA2B28031DB51AB300A33A15 /* Frameworks */ = {
			isa = PBXFrameworksBuildPhase;
			buildActionMask = 2147483647;
			files = (
			);
			runOnlyForDeploymentPostprocessing = 0;
		};
/* End PBXFrameworksBuildPhase section */

/* Begin PBXGroup section */
		AA2B27FD1DB51AB300A33A15 = {
			isa = PBXGroup;
			children = (
				AA2B28081DB51AB300A33A15 /* forHackNTUClass */,
				AA2B28071DB51AB300A33A15 /* Products */,
			);
			sourceTree = "<group>";
		};
		AA2B28071DB51AB300A33A15 /* Products */ = {
			isa = PBXGroup;
			children = (
				AA2B28061DB51AB300A33A15 /* forHackNTUClass.app */,
			);
			name = Products;
			sourceTree = "<group>";
		};
		AA2B28081DB51AB300A33A15 /* forHackNTUClass */ = {
			isa = PBXGroup;
			children = (
				AA2B28091DB51AB300A33A15 /* AppDelegate.swift */,
				AA2B280B1DB51AB300A33A15 /* ViewController.swift */,
				AA2B280D1DB51AB300A33A15 /* Main.storyboard */,
				AA2B28131DB51AB300A33A15 /* Assets.xcassets */,
				AA2B28151DB51AB300A33A15 /* LaunchScreen.storyboard */,
				AA2B28181DB51AB300A33A15 /* Info.plist */,
				AA2B28101DB51AB300A33A15 /* forHackNTUClass.xcdatamodeld */,
			);
			path = forHackNTUClass;
			sourceTree = "<group>";
		};
/* End PBXGroup section */

/* Begin PBXNativeTarget section */
		AA2B28051DB51AB300A33A15 /* forHackNTUClass */ = {
			isa = PBXNativeTarget;
			buildConfigurationList = AA2B281B1DB51AB300A33A15 /* Build configuration list for PBXNativeTarget "forHackNTUClass" */;
			buildPhases = (
				AA2B28021DB51AB300A33A15 /* Sources */,
				AA2B28031DB51AB300A33A15 /* Frameworks */,
				AA2B28041DB51AB300A33A15 /* Resources */,
			);
			buildRules = (
			);
			dependencies = (
			);
			name = forHackNTUClass;
			productName = forHackNTUClass;
			productReference = AA2B28061DB51AB300A33A15 /* forHackNTUClass.app */;
			productType = "com.apple.product-type.application";
		};
/* End PBXNativeTarget section */

/* Begin PBXProject section */
		AA2B27FE1DB51AB300A33A15 /* Project object */ = {
			isa = PBXProject;
			attributes = {
				LastSwiftUpdateCheck = 0800;
				LastUpgradeCheck = 0800;
				ORGANIZATIONNAME = EthanLabs;
				TargetAttributes = {
					AA2B28051DB51AB300A33A15 = {
						CreatedOnToolsVersion = 8.0;
						DevelopmentTeam = MH93U267QE;
						ProvisioningStyle = Automatic;
					};
				};
			};
			buildConfigurationList = AA2B28011DB51AB300A33A15 /* Build configuration list for PBXProject "forHackNTUClass" */;
			compatibilityVersion = "Xcode 3.2";
			developmentRegion = English;
			hasScannedForEncodings = 0;
			knownRegions = (
				en,
				Base,
			);
			mainGroup = AA2B27FD1DB51AB300A33A15;
			productRefGroup = AA2B28071DB51AB300A33A15 /* Products */;
			projectDirPath = "";
			projectRoot = "";
			targets = (
				AA2B28051DB51AB300A33A15 /* forHackNTUClass */,
			);
		};
/* End PBXProject section */

/* Begin PBXResourcesBuildPhase section */
		AA2B28041DB51AB300A33A15 /* Resources */ = {
			isa = PBXResourcesBuildPhase;
			buildActionMask = 2147483647;
			files = (
				AA2B28171DB51AB300A33A15 /* LaunchScreen.storyboard in Resources */,
				AA2B28141DB51AB300A33A15 /* Assets.xcassets in Resources */,
				AA2B280F1DB51AB300A33A15 /* Main.storyboard in Resources */,
			);
			runOnlyForDeploymentPostprocessing = 0;
		};
/* End PBXResourcesBuildPhase section */

/* Begin PBXSourcesBuildPhase section */
		AA2B28021DB51AB300A33A15 /* Sources */ = {
			isa = PBXSourcesBuildPhase;
			buildActionMask = 2147483647;
			files = (
				AA2B280C1DB51AB300A33A15 /* ViewController.swift in Sources */,
				AA2B280A1DB51AB300A33A15 /* AppDelegate.swift in Sources */,
				AA2B28121DB51AB300A33A15 /* forHackNTUClass.xcdatamodeld in Sources */,
			);
			runOnlyForDeploymentPostprocessing = 0;
		};
/* End PBXSourcesBuildPhase section */

/* Begin PBXVariantGroup section */
		AA2B280D1DB51AB300A33A15 /* Main.storyboard */ = {
			isa = PBXVariantGroup;
			children = (
				AA2B280E1DB51AB300A33A15 /* Base */,
			);
			name = Main.storyboard;
			sourceTree = "<group>";
		};
		AA2B28151DB51AB300A33A15 /* LaunchScreen.storyboard */ = {
			isa = PBXVariantGroup;
			children = (
				AA2B28161DB51AB300A33A15 /* Base */,
			);
			name = LaunchScreen.storyboard;
			sourceTree = "<group>";
		};
/* End PBXVariantGroup section */

/* Begin XCBuildConfiguration section */
		AA2B28191DB51AB300A33A15 /* Debug */ = {
			isa = XCBuildConfiguration;
			buildSettings = {
				ALWAYS_SEARCH_USER_PATHS = NO;
				CLANG_ANALYZER_NONNULL = YES;
				CLANG_CXX_LANGUAGE_STANDARD = "gnu++0x";
				CLANG_CXX_LIBRARY = "libc++";
				CLANG_ENABLE_MODULES = YES;
				CLANG_ENABLE_OBJC_ARC = YES;
				CLANG_WARN_BOOL_CONVERSION = YES;
				CLANG_WARN_CONSTANT_CONVERSION = YES;
				CLANG_WARN_DIRECT_OBJC_ISA_USAGE = YES_ERROR;
				CLANG_WARN_DOCUMENTATION_COMMENTS = YES;
				CLANG_WARN_EMPTY_BODY = YES;
				CLANG_WARN_ENUM_CONVERSION = YES;
				CLANG_WARN_INFINITE_RECURSION = YES;
				CLANG_WARN_INT_CONVERSION = YES;
				CLANG_WARN_OBJC_ROOT_CLASS = YES_ERROR;
				CLANG_WARN_SUSPICIOUS_MOVES = YES;
				CLANG_WARN_UNREACHABLE_CODE = YES;
				CLANG_WARN__DUPLICATE_METHOD_MATCH = YES;
				"CODE_SIGN_IDENTITY[sdk=iphoneos*]" = "iPhone Developer";
				COPY_PHASE_STRIP = NO;
				DEBUG_INFORMATION_FORMAT = dwarf;
				ENABLE_STRICT_OBJC_MSGSEND = YES;
				ENABLE_TESTABILITY = YES;
				GCC_C_LANGUAGE_STANDARD = gnu99;
				GCC_DYNAMIC_NO_PIC = NO;
				GCC_NO_COMMON_BLOCKS = YES;
				GCC_OPTIMIZATION_LEVEL = 0;
				GCC_PREPROCESSOR_DEFINITIONS = (
					"DEBUG=1",
					"$(inherited)",
				);
				GCC_WARN_64_TO_32_BIT_CONVERSION = YES;
				GCC_WARN_ABOUT_RETURN_TYPE = YES_ERROR;
				GCC_WARN_UNDECLARED_SELECTOR = YES;
				GCC_WARN_UNINITIALIZED_AUTOS = YES_AGGRESSIVE;
				GCC_WARN_UNUSED_FUNCTION = YES;
				GCC_WARN_UNUSED_VARIABLE = YES;
				IPHONEOS_DEPLOYMENT_TARGET = 10.0;
				MTL_ENABLE_DEBUG_INFO = YES;
				ONLY_ACTIVE_ARCH = YES;
				SDKROOT = iphoneos;
				SWIFT_ACTIVE_COMPILATION_CONDITIONS = DEBUG;
				SWIFT_OPTIMIZATION_LEVEL = "-Onone";
			};
			name = Debug;
		};
		AA2B281A1DB51AB300A33A15 /* Release */ = {
			isa = XCBuildConfiguration;
			buildSettings = {
				ALWAYS_SEARCH_USER_PATHS = NO;
				CLANG_ANALYZER_NONNULL = YES;
				CLANG_CXX_LANGUAGE_STANDARD = "gnu++0x";
				CLANG_CXX_LIBRARY = "libc++";
				CLANG_ENABLE_MODULES = YES;
				CLANG_ENABLE_OBJC_ARC = YES;
				CLANG_WARN_BOOL_CONVERSION = YES;
				CLANG_WARN_CONSTANT_CONVERSION = YES;
				CLANG_WARN_DIRECT_OBJC_ISA_USAGE = YES_ERROR;
				CLANG_WARN_DOCUMENTATION_COMMENTS = YES;
				CLANG_WARN_EMPTY_BODY = YES;
				CLANG_WARN_ENUM_CONVERSION = YES;
				CLANG_WARN_INFINITE_RECURSION = YES;
				CLANG_WARN_INT_CONVERSION = YES;
				CLANG_WARN_OBJC_ROOT_CLASS = YES_ERROR;
				CLANG_WARN_SUSPICIOUS_MOVES = YES;
				CLANG_WARN_UNREACHABLE_CODE = YES;
				CLANG_WARN__DUPLICATE_METHOD_MATCH = YES;
				"CODE_SIGN_IDENTITY[sdk=iphoneos*]" = "iPhone Developer";
				COPY_PHASE_STRIP = NO;
				DEBUG_INFORMATION_FORMAT = "dwarf-with-dsym";
				ENABLE_NS_ASSERTIONS = NO;
				ENABLE_STRICT_OBJC_MSGSEND = YES;
				GCC_C_LANGUAGE_STANDARD = gnu99;
				GCC_NO_COMMON_BLOCKS = YES;
				GCC_WARN_64_TO_32_BIT_CONVERSION = YES;
				GCC_WARN_ABOUT_RETURN_TYPE = YES_ERROR;
				GCC_WARN_UNDECLARED_SELECTOR = YES;
				GCC_WARN_UNINITIALIZED_AUTOS = YES_AGGRESSIVE;
				GCC_WARN_UNUSED_FUNCTION = YES;
				GCC_WARN_UNUSED_VARIABLE = YES;
				IPHONEOS_DEPLOYMENT_TARGET = 10.0;
				MTL_ENABLE_DEBUG_INFO = NO;
				SDKROOT = iphoneos;
				SWIFT_OPTIMIZATION_LEVEL = "-Owholemodule";
				VALIDATE_PRODUCT = YES;
			};
			name = Release;
		};
		AA2B281C1DB51AB300A33A15 /* Debug */ = {
			isa = XCBuildConfiguration;
			buildSettings = {
				ASSETCATALOG_COMPILER_APPICON_NAME = AppIcon;
				DEVELOPMENT_TEAM = MH93U267QE;
				INFOPLIST_FILE = forHackNTUClass/Info.plist;
				LD_RUNPATH_SEARCH_PATHS = "$(inherited) @executable_path/Frameworks";
				PRODUCT_BUNDLE_IDENTIFIER = "ethan-s.forHackNTUClass";
				PRODUCT_NAME = "$(TARGET_NAME)";
				SWIFT_VERSION = 3.0;
			};
			name = Debug;
		};
		AA2B281D1DB51AB300A33A15 /* Release */ = {
			isa = XCBuildConfiguration;
			buildSettings = {
				ASSETCATALOG_COMPILER_APPICON_NAME = AppIcon;
				DEVELOPMENT_TEAM = MH93U267QE;
				INFOPLIST_FILE = forHackNTUClass/Info.plist;
				LD_RUNPATH_SEARCH_PATHS = "$(inherited) @executable_path/Frameworks";
				PRODUCT_BUNDLE_IDENTIFIER = "ethan-s.forHackNTUClass";
				PRODUCT_NAME = "$(TARGET_NAME)";
				SWIFT_VERSION = 3.0;
			};
			name = Release;
		};
/* End XCBuildConfiguration section */

/* Begin XCConfigurationList section */
		AA2B28011DB51AB300A33A15 /* Build configuration list for PBXProject "forHackNTUClass" */ = {
			isa = XCConfigurationList;
			buildConfigurations = (
				AA2B28191DB51AB300A33A15 /* Debug */,
				AA2B281A1DB51AB300A33A15 /* Release */,
			);
			defaultConfigurationIsVisible = 0;
			defaultConfigurationName = Release;
		};
		AA2B281B1DB51AB300A33A15 /* Build configuration list for PBXNativeTarget "forHackNTUClass" */ = {
			isa = XCConfigurationList;
			buildConfigurations = (
				AA2B281C1DB51AB300A33A15 /* Debug */,
				AA2B281D1DB51AB300A33A15 /* Release */,
			);
			defaultConfigurationIsVisible = 0;
		};
/* End XCConfigurationList section */

/* Begin XCVersionGroup section */
		AA2B28101DB51AB300A33A15 /* forHackNTUClass.xcdatamodeld */ = {
			isa = XCVersionGroup;
			children = (
				AA2B28111DB51AB300A33A15 /* forHackNTUClass.xcdatamodel */,
			);
			currentVersion = AA2B28111DB51AB300A33A15 /* forHackNTUClass.xcdatamodel */;
			path = forHackNTUClass.xcdatamodeld;
			sourceTree = "<group>";
			versionGroupType = wrapper.xcdatamodel;
		};
/* End XCVersionGroup section */
	};
	rootObject = AA2B27FE1DB51AB300A33A15 /* Project object */;
}
